
Microsoft Visual Studio Solution File, Format Version 12.00
# Visual Studio 2012
Project("{2150E333-8FDC-42A3-9474-1A3956D46DE8}") = "Base", "Base", "{BC987565-BD63-4FC2-936E-6E7486D9BED7}"
EndProject
Project("{8BC9CEB8-8B4A-11D0-8D11-00A0C91BC942}") = "Engine", "Projects\Engine\Engine.vcxproj", "{670CFDF8-A1E3-4146-8BE6-1C01A6C15D65}"
	ProjectSection(ProjectDependencies) = postProject
		{4EC35910-40BD-4DE2-9829-A788423B1DBE} = {4EC35910-40BD-4DE2-9829-A788423B1DBE}
		{CB110143-1C3F-4F93-88DC-6FDFC7D59B02} = {CB110143-1C3F-4F93-88DC-6FDFC7D59B02}
		{2446D08A-01A7-4F22-9D16-4487355C7708} = {2446D08A-01A7-4F22-9D16-4487355C7708}
		{26E56A90-0A25-4509-BC46-739FEACC150D} = {26E56A90-0A25-4509-BC46-739FEACC150D}
		{B902BBA2-4A11-46CD-91D5-4BC61DD66FBA} = {B902BBA2-4A11-46CD-91D5-4BC61DD66FBA}
		{866FA6D7-3C9C-4C81-A31C-7F4505AC393B} = {866FA6D7-3C9C-4C81-A31C-7F4505AC393B}
		{2FF343FE-B62B-4391-9015-8E8C2C5226EC} = {2FF343FE-B62B-4391-9015-8E8C2C5226EC}
	EndProjectSection
EndProject
Project("{8BC9CEB8-8B4A-11D0-8D11-00A0C91BC942}") = "FileIO", "Projects\FileIO\FileIO.vcxproj", "{2FF343FE-B62B-4391-9015-8E8C2C5226EC}"
EndProject
Project("{8BC9CEB8-8B4A-11D0-8D11-00A0C91BC942}") = "Game", "Projects\Game\Game.vcxproj", "{4EC35910-40BD-4DE2-9829-A788423B1DBE}"
	ProjectSection(ProjectDependencies) = postProject
		{CB110143-1C3F-4F93-88DC-6FDFC7D59B02} = {CB110143-1C3F-4F93-88DC-6FDFC7D59B02}
		{EC539E62-28DF-415C-AEC9-09AA85FE330A} = {EC539E62-28DF-415C-AEC9-09AA85FE330A}
	EndProjectSection
EndProject
Project("{8BC9CEB8-8B4A-11D0-8D11-00A0C91BC942}") = "Renderer", "Projects\Renderer\Renderer.vcxproj", "{CB110143-1C3F-4F93-88DC-6FDFC7D59B02}"
	ProjectSection(ProjectDependencies) = postProject
		{2FF343FE-B62B-4391-9015-8E8C2C5226EC} = {2FF343FE-B62B-4391-9015-8E8C2C5226EC}
	EndProjectSection
EndProject
Project("{8BC9CEB8-8B4A-11D0-8D11-00A0C91BC942}") = "Input", "Projects\Input\Input.vcxproj", "{2446D08A-01A7-4F22-9D16-4487355C7708}"
EndProject
Project("{8BC9CEB8-8B4A-11D0-8D11-00A0C91BC942}") = "Window", "Projects\Window\Window.vcxproj", "{26E56A90-0A25-4509-BC46-739FEACC150D}"
EndProject
Project("{8BC9CEB8-8B4A-11D0-8D11-00A0C91BC942}") = "Shared", "Projects\Shared\Shared.vcxproj", "{B902BBA2-4A11-46CD-91D5-4BC61DD66FBA}"
EndProject
Project("{8BC9CEB8-8B4A-11D0-8D11-00A0C91BC942}") = "Pathfinding", "Projects\Pathfinding\Pathfinding.vcxproj", "{EC539E62-28DF-415C-AEC9-09AA85FE330A}"
EndProject
Project("{8BC9CEB8-8B4A-11D0-8D11-00A0C91BC942}") = "UI", "Projects\UI\UI.vcxproj", "{866FA6D7-3C9C-4C81-A31C-7F4505AC393B}"
	ProjectSection(ProjectDependencies) = postProject
		{4EC35910-40BD-4DE2-9829-A788423B1DBE} = {4EC35910-40BD-4DE2-9829-A788423B1DBE}
		{CB110143-1C3F-4F93-88DC-6FDFC7D59B02} = {CB110143-1C3F-4F93-88DC-6FDFC7D59B02}
	EndProjectSection
EndProject
Global
	GlobalSection(SolutionConfigurationPlatforms) = preSolution
		Debug|Win32 = Debug|Win32
		Release|Win32 = Release|Win32
	EndGlobalSection
	GlobalSection(ProjectConfigurationPlatforms) = postSolution
		{670CFDF8-A1E3-4146-8BE6-1C01A6C15D65}.Debug|Win32.ActiveCfg = Debug|Win32
		{670CFDF8-A1E3-4146-8BE6-1C01A6C15D65}.Debug|Win32.Build.0 = Debug|Win32
		{670CFDF8-A1E3-4146-8BE6-1C01A6C15D65}.Release|Win32.ActiveCfg = Release|Win32
		{670CFDF8-A1E3-4146-8BE6-1C01A6C15D65}.Release|Win32.Build.0 = Release|Win32
		{2FF343FE-B62B-4391-9015-8E8C2C5226EC}.Debug|Win32.ActiveCfg = Debug|Win32
		{2FF343FE-B62B-4391-9015-8E8C2C5226EC}.Debug|Win32.Build.0 = Debug|Win32
		{2FF343FE-B62B-4391-9015-8E8C2C5226EC}.Release|Win32.ActiveCfg = Release|Win32
		{2FF343FE-B62B-4391-9015-8E8C2C5226EC}.Release|Win32.Build.0 = Release|Win32
		{4EC35910-40BD-4DE2-9829-A788423B1DBE}.Debug|Win32.ActiveCfg = Debug|Win32
		{4EC35910-40BD-4DE2-9829-A788423B1DBE}.Debug|Win32.Build.0 = Debug|Win32
		{4EC35910-40BD-4DE2-9829-A788423B1DBE}.Release|Win32.ActiveCfg = Release|Win32
		{4EC35910-40BD-4DE2-9829-A788423B1DBE}.Release|Win32.Build.0 = Release|Win32
		{CB110143-1C3F-4F93-88DC-6FDFC7D59B02}.Debug|Win32.ActiveCfg = Debug|Win32
		{CB110143-1C3F-4F93-88DC-6FDFC7D59B02}.Debug|Win32.Build.0 = Debug|Win32
		{CB110143-1C3F-4F93-88DC-6FDFC7D59B02}.Release|Win32.ActiveCfg = Release|Win32
		{CB110143-1C3F-4F93-88DC-6FDFC7D59B02}.Release|Win32.Build.0 = Release|Win32
		{2446D08A-01A7-4F22-9D16-4487355C7708}.Debug|Win32.ActiveCfg = Debug|Win32
		{2446D08A-01A7-4F22-9D16-4487355C7708}.Debug|Win32.Build.0 = Debug|Win32
		{2446D08A-01A7-4F22-9D16-4487355C7708}.Release|Win32.ActiveCfg = Release|Win32
		{2446D08A-01A7-4F22-9D16-4487355C7708}.Release|Win32.Build.0 = Release|Win32
		{26E56A90-0A25-4509-BC46-739FEACC150D}.Debug|Win32.ActiveCfg = Debug|Win32
		{26E56A90-0A25-4509-BC46-739FEACC150D}.Debug|Win32.Build.0 = Debug|Win32
		{26E56A90-0A25-4509-BC46-739FEACC150D}.Release|Win32.ActiveCfg = Release|Win32
		{26E56A90-0A25-4509-BC46-739FEACC150D}.Release|Win32.Build.0 = Release|Win32
		{B902BBA2-4A11-46CD-91D5-4BC61DD66FBA}.Debug|Win32.ActiveCfg = Debug|Win32
		{B902BBA2-4A11-46CD-91D5-4BC61DD66FBA}.Debug|Win32.Build.0 = Debug|Win32
		{B902BBA2-4A11-46CD-91D5-4BC61DD66FBA}.Release|Win32.ActiveCfg = Release|Win32
		{B902BBA2-4A11-46CD-91D5-4BC61DD66FBA}.Release|Win32.Build.0 = Release|Win32
		{EC539E62-28DF-415C-AEC9-09AA85FE330A}.Debug|Win32.ActiveCfg = Debug|Win32
		{EC539E62-28DF-415C-AEC9-09AA85FE330A}.Debug|Win32.Build.0 = Debug|Win32
		{EC539E62-28DF-415C-AEC9-09AA85FE330A}.Release|Win32.ActiveCfg = Release|Win32
		{EC539E62-28DF-415C-AEC9-09AA85FE330A}.Release|Win32.Build.0 = Release|Win32
		{866FA6D7-3C9C-4C81-A31C-7F4505AC393B}.Debug|Win32.ActiveCfg = Debug|Win32
		{866FA6D7-3C9C-4C81-A31C-7F4505AC393B}.Debug|Win32.Build.0 = Debug|Win32
		{866FA6D7-3C9C-4C81-A31C-7F4505AC393B}.Release|Win32.ActiveCfg = Release|Win32
		{866FA6D7-3C9C-4C81-A31C-7F4505AC393B}.Release|Win32.Build.0 = Release|Win32
	EndGlobalSection
	GlobalSection(SolutionProperties) = preSolution
		HideSolutionNode = FALSE
	EndGlobalSection
	GlobalSection(NestedProjects) = preSolution
		{670CFDF8-A1E3-4146-8BE6-1C01A6C15D65} = {BC987565-BD63-4FC2-936E-6E7486D9BED7}
		{2FF343FE-B62B-4391-9015-8E8C2C5226EC} = {BC987565-BD63-4FC2-936E-6E7486D9BED7}
		{4EC35910-40BD-4DE2-9829-A788423B1DBE} = {BC987565-BD63-4FC2-936E-6E7486D9BED7}
		{CB110143-1C3F-4F93-88DC-6FDFC7D59B02} = {BC987565-BD63-4FC2-936E-6E7486D9BED7}
		{2446D08A-01A7-4F22-9D16-4487355C7708} = {BC987565-BD63-4FC2-936E-6E7486D9BED7}
		{26E56A90-0A25-4509-BC46-739FEACC150D} = {BC987565-BD63-4FC2-936E-6E7486D9BED7}
		{EC539E62-28DF-415C-AEC9-09AA85FE330A} = {BC987565-BD63-4FC2-936E-6E7486D9BED7}
		{866FA6D7-3C9C-4C81-A31C-7F4505AC393B} = {BC987565-BD63-4FC2-936E-6E7486D9BED7}
	EndGlobalSection
EndGlobal
